GEM
  remote: https://rubygems.org/
  specs:
    csv (3.3.5)
    image_size (3.4.0)
    nkf (0.2.0)
    pandoc2review (2.0.0)
      unicode-eaw
    pastel (0.8.0)
      tty-color (~> 0.5)
    review (5.10.0)
      csv
      image_size
      nkf
      rexml
      rouge
      rubyzip
      tty-logger
    rexml (3.4.4)
    rouge (4.6.1)
    rubyzip (3.2.2)
    tty-color (0.6.0)
    tty-logger (0.6.0)
      pastel (~> 0.8)
    unicode-eaw (2.2.0)

PLATFORMS
  arm64-darwin-23
  ruby

DEPENDENCIES
  pandoc2review
  review

BUNDLED WITH
   2.6.2
